
Microsoft Visual Studio Solution File, Format Version 12.00
# Visual Studio Version 16
VisualStudioVersion = 16.0.29905.134
MinimumVisualStudioVersion = 10.0.40219.1
Project("{FAE04EC0-301F-11D3-BF4B-00C04F79EFBC}") = "01-ByteBank", "01-ByteBank\01-ByteBank.csproj", "{5BFF7D7C-B55D-4BF7-B7E3-30CF4B112199}"
EndProject
Project("{FAE04EC0-301F-11D3-BF4B-00C04F79EFBC}") = "02-ByteBank", "02-ByteBank\02-ByteBank.csproj", "{ACE8EC8D-7E5F-4075-B405-940EF99B14B9}"
EndProject
Project("{FAE04EC0-301F-11D3-BF4B-00C04F79EFBC}") = "03-ByteBank", "03-ByteBank\03-ByteBank.csproj", "{676DF06F-C878-49D5-8BC4-39A66E954AE7}"
EndProject
Project("{FAE04EC0-301F-11D3-BF4B-00C04F79EFBC}") = "04-ByteBank", "04-ByteBank\04-ByteBank.csproj", "{C854CE81-24C0-4167-ADD0-10A1CB05C88A}"
EndProject
Project("{FAE04EC0-301F-11D3-BF4B-00C04F79EFBC}") = "05-ByteBank", "05-ByteBank\05-ByteBank.csproj", "{E948C20F-06C7-4C1E-A159-2906327EE585}"
EndProject
Global
	GlobalSection(SolutionConfigurationPlatforms) = preSolution
		Debug|Any CPU = Debug|Any CPU
		Release|Any CPU = Release|Any CPU
	EndGlobalSection
	GlobalSection(ProjectConfigurationPlatforms) = postSolution
		{5BFF7D7C-B55D-4BF7-B7E3-30CF4B112199}.Debug|Any CPU.ActiveCfg = Debug|Any CPU
		{5BFF7D7C-B55D-4BF7-B7E3-30CF4B112199}.Debug|Any CPU.Build.0 = Debug|Any CPU
		{5BFF7D7C-B55D-4BF7-B7E3-30CF4B112199}.Release|Any CPU.ActiveCfg = Release|Any CPU
		{5BFF7D7C-B55D-4BF7-B7E3-30CF4B112199}.Release|Any CPU.Build.0 = Release|Any CPU
		{ACE8EC8D-7E5F-4075-B405-940EF99B14B9}.Debug|Any CPU.ActiveCfg = Debug|Any CPU
		{ACE8EC8D-7E5F-4075-B405-940EF99B14B9}.Debug|Any CPU.Build.0 = Debug|Any CPU
		{ACE8EC8D-7E5F-4075-B405-940EF99B14B9}.Release|Any CPU.ActiveCfg = Release|Any CPU
		{ACE8EC8D-7E5F-4075-B405-940EF99B14B9}.Release|Any CPU.Build.0 = Release|Any CPU
		{676DF06F-C878-49D5-8BC4-39A66E954AE7}.Debug|Any CPU.ActiveCfg = Debug|Any CPU
		{676DF06F-C878-49D5-8BC4-39A66E954AE7}.Debug|Any CPU.Build.0 = Debug|Any CPU
		{676DF06F-C878-49D5-8BC4-39A66E954AE7}.Release|Any CPU.ActiveCfg = Release|Any CPU
		{676DF06F-C878-49D5-8BC4-39A66E954AE7}.Release|Any CPU.Build.0 = Release|Any CPU
		{C854CE81-24C0-4167-ADD0-10A1CB05C88A}.Debug|Any CPU.ActiveCfg = Debug|Any CPU
		{C854CE81-24C0-4167-ADD0-10A1CB05C88A}.Debug|Any CPU.Build.0 = Debug|Any CPU
		{C854CE81-24C0-4167-ADD0-10A1CB05C88A}.Release|Any CPU.ActiveCfg = Release|Any CPU
		{C854CE81-24C0-4167-ADD0-10A1CB05C88A}.Release|Any CPU.Build.0 = Release|Any CPU
		{E948C20F-06C7-4C1E-A159-2906327EE585}.Debug|Any CPU.ActiveCfg = Debug|Any CPU
		{E948C20F-06C7-4C1E-A159-2906327EE585}.Debug|Any CPU.Build.0 = Debug|Any CPU
		{E948C20F-06C7-4C1E-A159-2906327EE585}.Release|Any CPU.ActiveCfg = Release|Any CPU
		{E948C20F-06C7-4C1E-A159-2906327EE585}.Release|Any CPU.Build.0 = Release|Any CPU
	EndGlobalSection
	GlobalSection(SolutionProperties) = preSolution
		HideSolutionNode = FALSE
	EndGlobalSection
	GlobalSection(ExtensibilityGlobals) = postSolution
		SolutionGuid = {C431EEB9-1B2D-448C-B818-F22AF5C221AB}
	EndGlobalSection
EndGlobal
